
Microsoft Visual Studio Solution File, Format Version 12.00
# Visual Studio 2012
Project("{FAE04EC0-301F-11D3-BF4B-00C04F79EFBC}") = "Xamarin.Forms.Example.Android", "Xamarin.Forms.Example.Android\Xamarin.Forms.Example.Android.csproj", "{A5646BE9-B595-4641-8271-187ADF459C3A}"
EndProject
Project("{FAE04EC0-301F-11D3-BF4B-00C04F79EFBC}") = "Xamarin.Forms.Example.Forms", "Xamarin.Forms.Example.Forms\Xamarin.Forms.Example.Forms.csproj", "{6FC85EC2-9244-4EFF-A6C1-38D0774667FF}"
EndProject
Project("{FAE04EC0-301F-11D3-BF4B-00C04F79EFBC}") = "Xamarin.Forms.Example.Utils", "Xamarin.Forms.Example.Utils\Xamarin.Forms.Example.Utils.csproj", "{80502788-E73F-48F5-BA09-991250BBCDE4}"
EndProject
Project("{FAE04EC0-301F-11D3-BF4B-00C04F79EFBC}") = "Xamarin.Forms.Example.iOS", "Xamarin.Forms.Example.iOS\Xamarin.Forms.Example.iOS.csproj", "{4CB4B1C5-19AD-4EAA-860B-9B94E6A8EF96}"
EndProject
Global
	GlobalSection(SolutionConfigurationPlatforms) = preSolution
		Debug|Any CPU = Debug|Any CPU
		Release|Any CPU = Release|Any CPU
		Debug|iPhoneSimulator = Debug|iPhoneSimulator
		Release|iPhoneSimulator = Release|iPhoneSimulator
		Debug|iPhone = Debug|iPhone
		Release|iPhone = Release|iPhone
		Ad-Hoc|iPhone = Ad-Hoc|iPhone
		AppStore|iPhone = AppStore|iPhone
	EndGlobalSection
	GlobalSection(ProjectConfigurationPlatforms) = postSolution
		{4CB4B1C5-19AD-4EAA-860B-9B94E6A8EF96}.Ad-Hoc|iPhone.ActiveCfg = Ad-Hoc|iPhone
		{4CB4B1C5-19AD-4EAA-860B-9B94E6A8EF96}.Ad-Hoc|iPhone.Build.0 = Ad-Hoc|iPhone
		{4CB4B1C5-19AD-4EAA-860B-9B94E6A8EF96}.AppStore|iPhone.ActiveCfg = AppStore|iPhone
		{4CB4B1C5-19AD-4EAA-860B-9B94E6A8EF96}.AppStore|iPhone.Build.0 = AppStore|iPhone
		{4CB4B1C5-19AD-4EAA-860B-9B94E6A8EF96}.Debug|Any CPU.ActiveCfg = Debug|iPhoneSimulator
		{4CB4B1C5-19AD-4EAA-860B-9B94E6A8EF96}.Debug|Any CPU.Build.0 = Debug|iPhoneSimulator
		{4CB4B1C5-19AD-4EAA-860B-9B94E6A8EF96}.Debug|iPhone.ActiveCfg = Debug|iPhone
		{4CB4B1C5-19AD-4EAA-860B-9B94E6A8EF96}.Debug|iPhone.Build.0 = Debug|iPhone
		{4CB4B1C5-19AD-4EAA-860B-9B94E6A8EF96}.Debug|iPhoneSimulator.ActiveCfg = Debug|iPhoneSimulator
		{4CB4B1C5-19AD-4EAA-860B-9B94E6A8EF96}.Debug|iPhoneSimulator.Build.0 = Debug|iPhoneSimulator
		{4CB4B1C5-19AD-4EAA-860B-9B94E6A8EF96}.Release|Any CPU.ActiveCfg = Release|iPhoneSimulator
		{4CB4B1C5-19AD-4EAA-860B-9B94E6A8EF96}.Release|Any CPU.Build.0 = Release|iPhoneSimulator
		{4CB4B1C5-19AD-4EAA-860B-9B94E6A8EF96}.Release|iPhone.ActiveCfg = Release|iPhone
		{4CB4B1C5-19AD-4EAA-860B-9B94E6A8EF96}.Release|iPhone.Build.0 = Release|iPhone
		{4CB4B1C5-19AD-4EAA-860B-9B94E6A8EF96}.Release|iPhoneSimulator.ActiveCfg = Release|iPhoneSimulator
		{4CB4B1C5-19AD-4EAA-860B-9B94E6A8EF96}.Release|iPhoneSimulator.Build.0 = Release|iPhoneSimulator
		{6FC85EC2-9244-4EFF-A6C1-38D0774667FF}.Ad-Hoc|iPhone.ActiveCfg = Debug|Any CPU
		{6FC85EC2-9244-4EFF-A6C1-38D0774667FF}.Ad-Hoc|iPhone.Build.0 = Debug|Any CPU
		{6FC85EC2-9244-4EFF-A6C1-38D0774667FF}.AppStore|iPhone.ActiveCfg = Debug|Any CPU
		{6FC85EC2-9244-4EFF-A6C1-38D0774667FF}.AppStore|iPhone.Build.0 = Debug|Any CPU
		{6FC85EC2-9244-4EFF-A6C1-38D0774667FF}.Debug|Any CPU.ActiveCfg = Debug|Any CPU
		{6FC85EC2-9244-4EFF-A6C1-38D0774667FF}.Debug|Any CPU.Build.0 = Debug|Any CPU
		{6FC85EC2-9244-4EFF-A6C1-38D0774667FF}.Debug|iPhone.ActiveCfg = Debug|Any CPU
		{6FC85EC2-9244-4EFF-A6C1-38D0774667FF}.Debug|iPhone.Build.0 = Debug|Any CPU
		{6FC85EC2-9244-4EFF-A6C1-38D0774667FF}.Debug|iPhoneSimulator.ActiveCfg = Debug|Any CPU
		{6FC85EC2-9244-4EFF-A6C1-38D0774667FF}.Debug|iPhoneSimulator.Build.0 = Debug|Any CPU
		{6FC85EC2-9244-4EFF-A6C1-38D0774667FF}.Release|Any CPU.ActiveCfg = Release|Any CPU
		{6FC85EC2-9244-4EFF-A6C1-38D0774667FF}.Release|Any CPU.Build.0 = Release|Any CPU
		{6FC85EC2-9244-4EFF-A6C1-38D0774667FF}.Release|iPhone.ActiveCfg = Release|Any CPU
		{6FC85EC2-9244-4EFF-A6C1-38D0774667FF}.Release|iPhone.Build.0 = Release|Any CPU
		{6FC85EC2-9244-4EFF-A6C1-38D0774667FF}.Release|iPhoneSimulator.ActiveCfg = Release|Any CPU
		{6FC85EC2-9244-4EFF-A6C1-38D0774667FF}.Release|iPhoneSimulator.Build.0 = Release|Any CPU
		{80502788-E73F-48F5-BA09-991250BBCDE4}.Ad-Hoc|iPhone.ActiveCfg = Debug|Any CPU
		{80502788-E73F-48F5-BA09-991250BBCDE4}.Ad-Hoc|iPhone.Build.0 = Debug|Any CPU
		{80502788-E73F-48F5-BA09-991250BBCDE4}.AppStore|iPhone.ActiveCfg = Debug|Any CPU
		{80502788-E73F-48F5-BA09-991250BBCDE4}.AppStore|iPhone.Build.0 = Debug|Any CPU
		{80502788-E73F-48F5-BA09-991250BBCDE4}.Debug|Any CPU.ActiveCfg = Debug|Any CPU
		{80502788-E73F-48F5-BA09-991250BBCDE4}.Debug|Any CPU.Build.0 = Debug|Any CPU
		{80502788-E73F-48F5-BA09-991250BBCDE4}.Debug|iPhone.ActiveCfg = Debug|Any CPU
		{80502788-E73F-48F5-BA09-991250BBCDE4}.Debug|iPhone.Build.0 = Debug|Any CPU
		{80502788-E73F-48F5-BA09-991250BBCDE4}.Debug|iPhoneSimulator.ActiveCfg = Debug|Any CPU
		{80502788-E73F-48F5-BA09-991250BBCDE4}.Debug|iPhoneSimulator.Build.0 = Debug|Any CPU
		{80502788-E73F-48F5-BA09-991250BBCDE4}.Release|Any CPU.ActiveCfg = Release|Any CPU
		{80502788-E73F-48F5-BA09-991250BBCDE4}.Release|Any CPU.Build.0 = Release|Any CPU
		{80502788-E73F-48F5-BA09-991250BBCDE4}.Release|iPhone.ActiveCfg = Release|Any CPU
		{80502788-E73F-48F5-BA09-991250BBCDE4}.Release|iPhone.Build.0 = Release|Any CPU
		{80502788-E73F-48F5-BA09-991250BBCDE4}.Release|iPhoneSimulator.ActiveCfg = Release|Any CPU
		{80502788-E73F-48F5-BA09-991250BBCDE4}.Release|iPhoneSimulator.Build.0 = Release|Any CPU
		{A5646BE9-B595-4641-8271-187ADF459C3A}.Ad-Hoc|iPhone.ActiveCfg = Debug|Any CPU
		{A5646BE9-B595-4641-8271-187ADF459C3A}.Ad-Hoc|iPhone.Build.0 = Debug|Any CPU
		{A5646BE9-B595-4641-8271-187ADF459C3A}.AppStore|iPhone.ActiveCfg = Debug|Any CPU
		{A5646BE9-B595-4641-8271-187ADF459C3A}.AppStore|iPhone.Build.0 = Debug|Any CPU
		{A5646BE9-B595-4641-8271-187ADF459C3A}.Debug|Any CPU.ActiveCfg = Debug|Any CPU
		{A5646BE9-B595-4641-8271-187ADF459C3A}.Debug|Any CPU.Build.0 = Debug|Any CPU
		{A5646BE9-B595-4641-8271-187ADF459C3A}.Debug|iPhone.ActiveCfg = Debug|Any CPU
		{A5646BE9-B595-4641-8271-187ADF459C3A}.Debug|iPhone.Build.0 = Debug|Any CPU
		{A5646BE9-B595-4641-8271-187ADF459C3A}.Debug|iPhoneSimulator.ActiveCfg = Debug|Any CPU
		{A5646BE9-B595-4641-8271-187ADF459C3A}.Debug|iPhoneSimulator.Build.0 = Debug|Any CPU
		{A5646BE9-B595-4641-8271-187ADF459C3A}.Release|Any CPU.ActiveCfg = Release|Any CPU
		{A5646BE9-B595-4641-8271-187ADF459C3A}.Release|Any CPU.Build.0 = Release|Any CPU
		{A5646BE9-B595-4641-8271-187ADF459C3A}.Release|iPhone.ActiveCfg = Release|Any CPU
		{A5646BE9-B595-4641-8271-187ADF459C3A}.Release|iPhone.Build.0 = Release|Any CPU
		{A5646BE9-B595-4641-8271-187ADF459C3A}.Release|iPhoneSimulator.ActiveCfg = Release|Any CPU
		{A5646BE9-B595-4641-8271-187ADF459C3A}.Release|iPhoneSimulator.Build.0 = Release|Any CPU
	EndGlobalSection
	GlobalSection(MonoDevelopProperties) = preSolution
		StartupItem = Xamarin.Forms.Example.Android\Xamarin.Forms.Example.Android.csproj
	EndGlobalSection
EndGlobal
